// !$*UTF8*$!
{
	archiveVersion = 1;
	classes = {
	};
	objectVersion = 56;
	objects = {

/* Begin PBXBuildFile section */
		CA55982E2A6849FA0046A63A /* CryptoTrackerApp.swift in Sources */ = {isa = PBXBuildFile; fileRef = CA55982D2A6849FA0046A63A /* CryptoTrackerApp.swift */; };
		CA5598302A6849FA0046A63A /* ContentView.swift in Sources */ = {isa = PBXBuildFile; fileRef = CA55982F2A6849FA0046A63A /* ContentView.swift */; };
		CA5598322A6849FC0046A63A /* Assets.xcassets in Resources */ = {isa = PBXBuildFile; fileRef = CA5598312A6849FC0046A63A /* Assets.xcassets */; };
		CA5598352A6849FC0046A63A /* Preview Assets.xcassets in Resources */ = {isa = PBXBuildFile; fileRef = CA5598342A6849FC0046A63A /* Preview Assets.xcassets */; };
		CA55983F2A6849FC0046A63A /* CryptoTrackerTests.swift in Sources */ = {isa = PBXBuildFile; fileRef = CA55983E2A6849FC0046A63A /* CryptoTrackerTests.swift */; };
		CA5598492A6849FC0046A63A /* CryptoTrackerUITests.swift in Sources */ = {isa = PBXBuildFile; fileRef = CA5598482A6849FC0046A63A /* CryptoTrackerUITests.swift */; };
		CA55984B2A6849FC0046A63A /* CryptoTrackerUITestsLaunchTests.swift in Sources */ = {isa = PBXBuildFile; fileRef = CA55984A2A6849FC0046A63A /* CryptoTrackerUITestsLaunchTests.swift */; };
		CA55985B2A684BD50046A63A /* HomeView.swift in Sources */ = {isa = PBXBuildFile; fileRef = CA55985A2A684BD50046A63A /* HomeView.swift */; };
		CA55985D2A684C8D0046A63A /* TopMoversView.swift in Sources */ = {isa = PBXBuildFile; fileRef = CA55985C2A684C8D0046A63A /* TopMoversView.swift */; };
		CA55985F2A684CA40046A63A /* TopMoversItemView.swift in Sources */ = {isa = PBXBuildFile; fileRef = CA55985E2A684CA40046A63A /* TopMoversItemView.swift */; };
		CA5598612A68532F0046A63A /* AllCoinsView.swift in Sources */ = {isa = PBXBuildFile; fileRef = CA5598602A68532F0046A63A /* AllCoinsView.swift */; };
		CA5598632A6853830046A63A /* CoinRowView.swift in Sources */ = {isa = PBXBuildFile; fileRef = CA5598622A6853830046A63A /* CoinRowView.swift */; };
		CA5598652A685DE60046A63A /* HomeViewModel.swift in Sources */ = {isa = PBXBuildFile; fileRef = CA5598642A685DE60046A63A /* HomeViewModel.swift */; };
		CA5598672A6861070046A63A /* Coin.swift in Sources */ = {isa = PBXBuildFile; fileRef = CA5598662A6861070046A63A /* Coin.swift */; };
		CA55986A2A6891E00046A63A /* Kingfisher in Frameworks */ = {isa = PBXBuildFile; productRef = CA5598692A6891E00046A63A /* Kingfisher */; };
		CA55986D2A6896E60046A63A /* Double+Extensions.swift in Sources */ = {isa = PBXBuildFile; fileRef = CA55986C2A6896E60046A63A /* Double+Extensions.swift */; };
		CA55986F2A68B96A0046A63A /* CoinError.swift in Sources */ = {isa = PBXBuildFile; fileRef = CA55986E2A68B96A0046A63A /* CoinError.swift */; };
/* End PBXBuildFile section */

/* Begin PBXContainerItemProxy section */
		CA55983B2A6849FC0046A63A /* PBXContainerItemProxy */ = {
			isa = PBXContainerItemProxy;
			containerPortal = CA5598222A6849FA0046A63A /* Project object */;
			proxyType = 1;
			remoteGlobalIDString = CA5598292A6849FA0046A63A;
			remoteInfo = CryptoTracker;
		};
		CA5598452A6849FC0046A63A /* PBXContainerItemProxy */ = {
			isa = PBXContainerItemProxy;
			containerPortal = CA5598222A6849FA0046A63A /* Project object */;
			proxyType = 1;
			remoteGlobalIDString = CA5598292A6849FA0046A63A;
			remoteInfo = CryptoTracker;
		};
/* End PBXContainerItemProxy section */

/* Begin PBXFileReference section */
		CA55982A2A6849FA0046A63A /* CryptoTracker.app */ = {isa = PBXFileReference; explicitFileType = wrapper.application; includeInIndex = 0; path = CryptoTracker.app; sourceTree = BUILT_PRODUCTS_DIR; };
		CA55982D2A6849FA0046A63A /* CryptoTrackerApp.swift */ = {isa = PBXFileReference; lastKnownFileType = sourcecode.swift; path = CryptoTrackerApp.swift; sourceTree = "<group>"; };
		CA55982F2A6849FA0046A63A /* ContentView.swift */ = {isa = PBXFileReference; lastKnownFileType = sourcecode.swift; path = ContentView.swift; sourceTree = "<group>"; };
		CA5598312A6849FC0046A63A /* Assets.xcassets */ = {isa = PBXFileReference; lastKnownFileType = folder.assetcatalog; path = Assets.xcassets; sourceTree = "<group>"; };
		CA5598342A6849FC0046A63A /* Preview Assets.xcassets */ = {isa = PBXFileReference; lastKnownFileType = folder.assetcatalog; path = "Preview Assets.xcassets"; sourceTree = "<group>"; };
		CA55983A2A6849FC0046A63A /* CryptoTrackerTests.xctest */ = {isa = PBXFileReference; explicitFileType = wrapper.cfbundle; includeInIndex = 0; path = CryptoTrackerTests.xctest; sourceTree = BUILT_PRODUCTS_DIR; };
		CA55983E2A6849FC0046A63A /* CryptoTrackerTests.swift */ = {isa = PBXFileReference; lastKnownFileType = sourcecode.swift; path = CryptoTrackerTests.swift; sourceTree = "<group>"; };
		CA5598442A6849FC0046A63A /* CryptoTrackerUITests.xctest */ = {isa = PBXFileReference; explicitFileType = wrapper.cfbundle; includeInIndex = 0; path = CryptoTrackerUITests.xctest; sourceTree = BUILT_PRODUCTS_DIR; };
		CA5598482A6849FC0046A63A /* CryptoTrackerUITests.swift */ = {isa = PBXFileReference; lastKnownFileType = sourcecode.swift; path = CryptoTrackerUITests.swift; sourceTree = "<group>"; };
		CA55984A2A6849FC0046A63A /* CryptoTrackerUITestsLaunchTests.swift */ = {isa = PBXFileReference; lastKnownFileType = sourcecode.swift; path = CryptoTrackerUITestsLaunchTests.swift; sourceTree = "<group>"; };
		CA55985A2A684BD50046A63A /* HomeView.swift */ = {isa = PBXFileReference; lastKnownFileType = sourcecode.swift; path = HomeView.swift; sourceTree = "<group>"; };
		CA55985C2A684C8D0046A63A /* TopMoversView.swift */ = {isa = PBXFileReference; lastKnownFileType = sourcecode.swift; path = TopMoversView.swift; sourceTree = "<group>"; };
		CA55985E2A684CA40046A63A /* TopMoversItemView.swift */ = {isa = PBXFileReference; lastKnownFileType = sourcecode.swift; path = TopMoversItemView.swift; sourceTree = "<group>"; };
		CA5598602A68532F0046A63A /* AllCoinsView.swift */ = {isa = PBXFileReference; lastKnownFileType = sourcecode.swift; path = AllCoinsView.swift; sourceTree = "<group>"; };
		CA5598622A6853830046A63A /* CoinRowView.swift */ = {isa = PBXFileReference; lastKnownFileType = sourcecode.swift; path = CoinRowView.swift; sourceTree = "<group>"; };
		CA5598642A685DE60046A63A /* HomeViewModel.swift */ = {isa = PBXFileReference; lastKnownFileType = sourcecode.swift; path = HomeViewModel.swift; sourceTree = "<group>"; };
		CA5598662A6861070046A63A /* Coin.swift */ = {isa = PBXFileReference; lastKnownFileType = sourcecode.swift; path = Coin.swift; sourceTree = "<group>"; };
		CA55986C2A6896E60046A63A /* Double+Extensions.swift */ = {isa = PBXFileReference; lastKnownFileType = sourcecode.swift; path = "Double+Extensions.swift"; sourceTree = "<group>"; };
		CA55986E2A68B96A0046A63A /* CoinError.swift */ = {isa = PBXFileReference; lastKnownFileType = sourcecode.swift; path = CoinError.swift; sourceTree = "<group>"; };
/* End PBXFileReference section */

/* Begin PBXFrameworksBuildPhase section */
		CA5598272A6849FA0046A63A /* Frameworks */ = {
			isa = PBXFrameworksBuildPhase;
			buildActionMask = 2147483647;
			files = (
				CA55986A2A6891E00046A63A /* Kingfisher in Frameworks */,
			);
			runOnlyForDeploymentPostprocessing = 0;
		};
		CA5598372A6849FC0046A63A /* Frameworks */ = {
			isa = PBXFrameworksBuildPhase;
			buildActionMask = 2147483647;
			files = (
			);
			runOnlyForDeploymentPostprocessing = 0;
		};
		CA5598412A6849FC0046A63A /* Frameworks */ = {
			isa = PBXFrameworksBuildPhase;
			buildActionMask = 2147483647;
			files = (
			);
			runOnlyForDeploymentPostprocessing = 0;
		};
/* End PBXFrameworksBuildPhase section */

/* Begin PBXGroup section */
		CA5598212A6849FA0046A63A = {
			isa = PBXGroup;
			children = (
				CA55982C2A6849FA0046A63A /* CryptoTracker */,
				CA55983D2A6849FC0046A63A /* CryptoTrackerTests */,
				CA5598472A6849FC0046A63A /* CryptoTrackerUITests */,
				CA55982B2A6849FA0046A63A /* Products */,
			);
			sourceTree = "<group>";
		};
		CA55982B2A6849FA0046A63A /* Products */ = {
			isa = PBXGroup;
			children = (
				CA55982A2A6849FA0046A63A /* CryptoTracker.app */,
				CA55983A2A6849FC0046A63A /* CryptoTrackerTests.xctest */,
				CA5598442A6849FC0046A63A /* CryptoTrackerUITests.xctest */,
			);
			name = Products;
			sourceTree = "<group>";
		};
		CA55982C2A6849FA0046A63A /* CryptoTracker */ = {
			isa = PBXGroup;
			children = (
				CA5598592A684A130046A63A /* Model */,
				CA5598582A684A080046A63A /* View Model */,
				CA5598572A684A030046A63A /* View */,
				CA55982D2A6849FA0046A63A /* CryptoTrackerApp.swift */,
				CA55982F2A6849FA0046A63A /* ContentView.swift */,
				CA55986B2A6896CC0046A63A /* Extensions */,
				CA5598312A6849FC0046A63A /* Assets.xcassets */,
				CA5598332A6849FC0046A63A /* Preview Content */,
			);
			path = CryptoTracker;
			sourceTree = "<group>";
		};
		CA5598332A6849FC0046A63A /* Preview Content */ = {
			isa = PBXGroup;
			children = (
				CA5598342A6849FC0046A63A /* Preview Assets.xcassets */,
			);
			path = "Preview Content";
			sourceTree = "<group>";
		};
		CA55983D2A6849FC0046A63A /* CryptoTrackerTests */ = {
			isa = PBXGroup;
			children = (
				CA55983E2A6849FC0046A63A /* CryptoTrackerTests.swift */,
			);
			path = CryptoTrackerTests;
			sourceTree = "<group>";
		};
		CA5598472A6849FC0046A63A /* CryptoTrackerUITests */ = {
			isa = PBXGroup;
			children = (
				CA5598482A6849FC0046A63A /* CryptoTrackerUITests.swift */,
				CA55984A2A6849FC0046A63A /* CryptoTrackerUITestsLaunchTests.swift */,
			);
			path = CryptoTrackerUITests;
			sourceTree = "<group>";
		};
		CA5598572A684A030046A63A /* View */ = {
			isa = PBXGroup;
			children = (
				CA55985A2A684BD50046A63A /* HomeView.swift */,
				CA55985C2A684C8D0046A63A /* TopMoversView.swift */,
				CA55985E2A684CA40046A63A /* TopMoversItemView.swift */,
				CA5598602A68532F0046A63A /* AllCoinsView.swift */,
				CA5598622A6853830046A63A /* CoinRowView.swift */,
			);
			path = View;
			sourceTree = "<group>";
		};
		CA5598582A684A080046A63A /* View Model */ = {
			isa = PBXGroup;
			children = (
				CA5598642A685DE60046A63A /* HomeViewModel.swift */,
			);
			path = "View Model";
			sourceTree = "<group>";
		};
		CA5598592A684A130046A63A /* Model */ = {
			isa = PBXGroup;
			children = (
				CA5598662A6861070046A63A /* Coin.swift */,
				CA55986E2A68B96A0046A63A /* CoinError.swift */,
			);
			path = Model;
			sourceTree = "<group>";
		};
		CA55986B2A6896CC0046A63A /* Extensions */ = {
			isa = PBXGroup;
			children = (
				CA55986C2A6896E60046A63A /* Double+Extensions.swift */,
			);
			path = Extensions;
			sourceTree = "<group>";
		};
/* End PBXGroup section */

/* Begin PBXNativeTarget section */
		CA5598292A6849FA0046A63A /* CryptoTracker */ = {
			isa = PBXNativeTarget;
			buildConfigurationList = CA55984E2A6849FC0046A63A /* Build configuration list for PBXNativeTarget "CryptoTracker" */;
			buildPhases = (
				CA5598262A6849FA0046A63A /* Sources */,
				CA5598272A6849FA0046A63A /* Frameworks */,
				CA5598282A6849FA0046A63A /* Resources */,
			);
			buildRules = (
			);
			dependencies = (
			);
			name = CryptoTracker;
			packageProductDependencies = (
				CA5598692A6891E00046A63A /* Kingfisher */,
			);
			productName = CryptoTracker;
			productReference = CA55982A2A6849FA0046A63A /* CryptoTracker.app */;
			productType = "com.apple.product-type.application";
		};
		CA5598392A6849FC0046A63A /* CryptoTrackerTests */ = {
			isa = PBXNativeTarget;
			buildConfigurationList = CA5598512A6849FC0046A63A /* Build configuration list for PBXNativeTarget "CryptoTrackerTests" */;
			buildPhases = (
				CA5598362A6849FC0046A63A /* Sources */,
				CA5598372A6849FC0046A63A /* Frameworks */,
				CA5598382A6849FC0046A63A /* Resources */,
			);
			buildRules = (
			);
			dependencies = (
				CA55983C2A6849FC0046A63A /* PBXTargetDependency */,
			);
			name = CryptoTrackerTests;
			productName = CryptoTrackerTests;
			productReference = CA55983A2A6849FC0046A63A /* CryptoTrackerTests.xctest */;
			productType = "com.apple.product-type.bundle.unit-test";
		};
		CA5598432A6849FC0046A63A /* CryptoTrackerUITests */ = {
			isa = PBXNativeTarget;
			buildConfigurationList = CA5598542A6849FC0046A63A /* Build configuration list for PBXNativeTarget "CryptoTrackerUITests" */;
			buildPhases = (
				CA5598402A6849FC0046A63A /* Sources */,
				CA5598412A6849FC0046A63A /* Frameworks */,
				CA5598422A6849FC0046A63A /* Resources */,
			);
			buildRules = (
			);
			dependencies = (
				CA5598462A6849FC0046A63A /* PBXTargetDependency */,
			);
			name = CryptoTrackerUITests;
			productName = CryptoTrackerUITests;
			productReference = CA5598442A6849FC0046A63A /* CryptoTrackerUITests.xctest */;
			productType = "com.apple.product-type.bundle.ui-testing";
		};
/* End PBXNativeTarget section */

/* Begin PBXProject section */
		CA5598222A6849FA0046A63A /* Project object */ = {
			isa = PBXProject;
			attributes = {
				BuildIndependentTargetsInParallel = 1;
				LastSwiftUpdateCheck = 1420;
				LastUpgradeCheck = 1420;
				TargetAttributes = {
					CA5598292A6849FA0046A63A = {
						CreatedOnToolsVersion = 14.2;
					};
					CA5598392A6849FC0046A63A = {
						CreatedOnToolsVersion = 14.2;
						TestTargetID = CA5598292A6849FA0046A63A;
					};
					CA5598432A6849FC0046A63A = {
						CreatedOnToolsVersion = 14.2;
						TestTargetID = CA5598292A6849FA0046A63A;
					};
				};
			};
			buildConfigurationList = CA5598252A6849FA0046A63A /* Build configuration list for PBXProject "CryptoTracker" */;
			compatibilityVersion = "Xcode 14.0";
			developmentRegion = en;
			hasScannedForEncodings = 0;
			knownRegions = (
				en,
				Base,
			);
			mainGroup = CA5598212A6849FA0046A63A;
			packageReferences = (
				CA5598682A6891E00046A63A /* XCRemoteSwiftPackageReference "Kingfisher" */,
			);
			productRefGroup = CA55982B2A6849FA0046A63A /* Products */;
			projectDirPath = "";
			projectRoot = "";
			targets = (
				CA5598292A6849FA0046A63A /* CryptoTracker */,
				CA5598392A6849FC0046A63A /* CryptoTrackerTests */,
				CA5598432A6849FC0046A63A /* CryptoTrackerUITests */,
			);
		};
/* End PBXProject section */

/* Begin PBXResourcesBuildPhase section */
		CA5598282A6849FA0046A63A /* Resources */ = {
			isa = PBXResourcesBuildPhase;
			buildActionMask = 2147483647;
			files = (
				CA5598352A6849FC0046A63A /* Preview Assets.xcassets in Resources */,
				CA5598322A6849FC0046A63A /* Assets.xcassets in Resources */,
			);
			runOnlyForDeploymentPostprocessing = 0;
		};
		CA5598382A6849FC0046A63A /* Resources */ = {
			isa = PBXResourcesBuildPhase;
			buildActionMask = 2147483647;
			files = (
			);
			runOnlyForDeploymentPostprocessing = 0;
		};
		CA5598422A6849FC0046A63A /* Resources */ = {
			isa = PBXResourcesBuildPhase;
			buildActionMask = 2147483647;
			files = (
			);
			runOnlyForDeploymentPostprocessing = 0;
		};
/* End PBXResourcesBuildPhase section */

/* Begin PBXSourcesBuildPhase section */
		CA5598262A6849FA0046A63A /* Sources */ = {
			isa = PBXSourcesBuildPhase;
			buildActionMask = 2147483647;
			files = (
				CA5598672A6861070046A63A /* Coin.swift in Sources */,
				CA55985D2A684C8D0046A63A /* TopMoversView.swift in Sources */,
				CA5598612A68532F0046A63A /* AllCoinsView.swift in Sources */,
				CA5598632A6853830046A63A /* CoinRowView.swift in Sources */,
				CA55986D2A6896E60046A63A /* Double+Extensions.swift in Sources */,
				CA5598652A685DE60046A63A /* HomeViewModel.swift in Sources */,
				CA55985B2A684BD50046A63A /* HomeView.swift in Sources */,
				CA5598302A6849FA0046A63A /* ContentView.swift in Sources */,
				CA55982E2A6849FA0046A63A /* CryptoTrackerApp.swift in Sources */,
				CA55985F2A684CA40046A63A /* TopMoversItemView.swift in Sources */,
				CA55986F2A68B96A0046A63A /* CoinError.swift in Sources */,
			);
			runOnlyForDeploymentPostprocessing = 0;
		};
		CA5598362A6849FC0046A63A /* Sources */ = {
			isa = PBXSourcesBuildPhase;
			buildActionMask = 2147483647;
			files = (
				CA55983F2A6849FC0046A63A /* CryptoTrackerTests.swift in Sources */,
			);
			runOnlyForDeploymentPostprocessing = 0;
		};
		CA5598402A6849FC0046A63A /* Sources */ = {
			isa = PBXSourcesBuildPhase;
			buildActionMask = 2147483647;
			files = (
				CA55984B2A6849FC0046A63A /* CryptoTrackerUITestsLaunchTests.swift in Sources */,
				CA5598492A6849FC0046A63A /* CryptoTrackerUITests.swift in Sources */,
			);
			runOnlyForDeploymentPostprocessing = 0;
		};
/* End PBXSourcesBuildPhase section */

/* Begin PBXTargetDependency section */
		CA55983C2A6849FC0046A63A /* PBXTargetDependency */ = {
			isa = PBXTargetDependency;
			target = CA5598292A6849FA0046A63A /* CryptoTracker */;
			targetProxy = CA55983B2A6849FC0046A63A /* PBXContainerItemProxy */;
		};
		CA5598462A6849FC0046A63A /* PBXTargetDependency */ = {
			isa = PBXTargetDependency;
			target = CA5598292A6849FA0046A63A /* CryptoTracker */;
			targetProxy = CA5598452A6849FC0046A63A /* PBXContainerItemProxy */;
		};
/* End PBXTargetDependency section */

/* Begin XCBuildConfiguration section */
		CA55984C2A6849FC0046A63A /* Debug */ = {
			isa = XCBuildConfiguration;
			buildSettings = {
				ALWAYS_SEARCH_USER_PATHS = NO;
				CLANG_ANALYZER_NONNULL = YES;
				CLANG_ANALYZER_NUMBER_OBJECT_CONVERSION = YES_AGGRESSIVE;
				CLANG_CXX_LANGUAGE_STANDARD = "gnu++20";
				CLANG_ENABLE_MODULES = YES;
				CLANG_ENABLE_OBJC_ARC = YES;
				CLANG_ENABLE_OBJC_WEAK = YES;
				CLANG_WARN_BLOCK_CAPTURE_AUTORELEASING = YES;
				CLANG_WARN_BOOL_CONVERSION = YES;
				CLANG_WARN_COMMA = YES;
				CLANG_WARN_CONSTANT_CONVERSION = YES;
				CLANG_WARN_DEPRECATED_OBJC_IMPLEMENTATIONS = YES;
				CLANG_WARN_DIRECT_OBJC_ISA_USAGE = YES_ERROR;
				CLANG_WARN_DOCUMENTATION_COMMENTS = YES;
				CLANG_WARN_EMPTY_BODY = YES;
				CLANG_WARN_ENUM_CONVERSION = YES;
				CLANG_WARN_INFINITE_RECURSION = YES;
				CLANG_WARN_INT_CONVERSION = YES;
				CLANG_WARN_NON_LITERAL_NULL_CONVERSION = YES;
				CLANG_WARN_OBJC_IMPLICIT_RETAIN_SELF = YES;
				CLANG_WARN_OBJC_LITERAL_CONVERSION = YES;
				CLANG_WARN_OBJC_ROOT_CLASS = YES_ERROR;
				CLANG_WARN_QUOTED_INCLUDE_IN_FRAMEWORK_HEADER = YES;
				CLANG_WARN_RANGE_LOOP_ANALYSIS = YES;
				CLANG_WARN_STRICT_PROTOTYPES = YES;
				CLANG_WARN_SUSPICIOUS_MOVE = YES;
				CLANG_WARN_UNGUARDED_AVAILABILITY = YES_AGGRESSIVE;
				CLANG_WARN_UNREACHABLE_CODE = YES;
				CLANG_WARN__DUPLICATE_METHOD_MATCH = YES;
				COPY_PHASE_STRIP = NO;
				DEBUG_INFORMATION_FORMAT = dwarf;
				ENABLE_STRICT_OBJC_MSGSEND = YES;
				ENABLE_TESTABILITY = YES;
				GCC_C_LANGUAGE_STANDARD = gnu11;
				GCC_DYNAMIC_NO_PIC = NO;
				GCC_NO_COMMON_BLOCKS = YES;
				GCC_OPTIMIZATION_LEVEL = 0;
				GCC_PREPROCESSOR_DEFINITIONS = (
					"DEBUG=1",
					"$(inherited)",
				);
				GCC_WARN_64_TO_32_BIT_CONVERSION = YES;
				GCC_WARN_ABOUT_RETURN_TYPE = YES_ERROR;
				GCC_WARN_UNDECLARED_SELECTOR = YES;
				GCC_WARN_UNINITIALIZED_AUTOS = YES_AGGRESSIVE;
				GCC_WARN_UNUSED_FUNCTION = YES;
				GCC_WARN_UNUSED_VARIABLE = YES;
				IPHONEOS_DEPLOYMENT_TARGET = 16.2;
				MTL_ENABLE_DEBUG_INFO = INCLUDE_SOURCE;
				MTL_FAST_MATH = YES;
				ONLY_ACTIVE_ARCH = YES;
				SDKROOT = iphoneos;
				SWIFT_ACTIVE_COMPILATION_CONDITIONS = DEBUG;
				SWIFT_OPTIMIZATION_LEVEL = "-Onone";
			};
			name = Debug;
		};
		CA55984D2A6849FC0046A63A /* Release */ = {
			isa = XCBuildConfiguration;
			buildSettings = {
				ALWAYS_SEARCH_USER_PATHS = NO;
				CLANG_ANALYZER_NONNULL = YES;
				CLANG_ANALYZER_NUMBER_OBJECT_CONVERSION = YES_AGGRESSIVE;
				CLANG_CXX_LANGUAGE_STANDARD = "gnu++20";
				CLANG_ENABLE_MODULES = YES;
				CLANG_ENABLE_OBJC_ARC = YES;
				CLANG_ENABLE_OBJC_WEAK = YES;
				CLANG_WARN_BLOCK_CAPTURE_AUTORELEASING = YES;
				CLANG_WARN_BOOL_CONVERSION = YES;
				CLANG_WARN_COMMA = YES;
				CLANG_WARN_CONSTANT_CONVERSION = YES;
				CLANG_WARN_DEPRECATED_OBJC_IMPLEMENTATIONS = YES;
				CLANG_WARN_DIRECT_OBJC_ISA_USAGE = YES_ERROR;
				CLANG_WARN_DOCUMENTATION_COMMENTS = YES;
				CLANG_WARN_EMPTY_BODY = YES;
				CLANG_WARN_ENUM_CONVERSION = YES;
				CLANG_WARN_INFINITE_RECURSION = YES;
				CLANG_WARN_INT_CONVERSION = YES;
				CLANG_WARN_NON_LITERAL_NULL_CONVERSION = YES;
				CLANG_WARN_OBJC_IMPLICIT_RETAIN_SELF = YES;
				CLANG_WARN_OBJC_LITERAL_CONVERSION = YES;
				CLANG_WARN_OBJC_ROOT_CLASS = YES_ERROR;
				CLANG_WARN_QUOTED_INCLUDE_IN_FRAMEWORK_HEADER = YES;
				CLANG_WARN_RANGE_LOOP_ANALYSIS = YES;
				CLANG_WARN_STRICT_PROTOTYPES = YES;
				CLANG_WARN_SUSPICIOUS_MOVE = YES;
				CLANG_WARN_UNGUARDED_AVAILABILITY = YES_AGGRESSIVE;
				CLANG_WARN_UNREACHABLE_CODE = YES;
				CLANG_WARN__DUPLICATE_METHOD_MATCH = YES;
				COPY_PHASE_STRIP = NO;
				DEBUG_INFORMATION_FORMAT = "dwarf-with-dsym";
				ENABLE_NS_ASSERTIONS = NO;
				ENABLE_STRICT_OBJC_MSGSEND = YES;
				GCC_C_LANGUAGE_STANDARD = gnu11;
				GCC_NO_COMMON_BLOCKS = YES;
				GCC_WARN_64_TO_32_BIT_CONVERSION = YES;
				GCC_WARN_ABOUT_RETURN_TYPE = YES_ERROR;
				GCC_WARN_UNDECLARED_SELECTOR = YES;
				GCC_WARN_UNINITIALIZED_AUTOS = YES_AGGRESSIVE;
				GCC_WARN_UNUSED_FUNCTION = YES;
				GCC_WARN_UNUSED_VARIABLE = YES;
				IPHONEOS_DEPLOYMENT_TARGET = 16.2;
				MTL_ENABLE_DEBUG_INFO = NO;
				MTL_FAST_MATH = YES;
				SDKROOT = iphoneos;
				SWIFT_COMPILATION_MODE = wholemodule;
				SWIFT_OPTIMIZATION_LEVEL = "-O";
				VALIDATE_PRODUCT = YES;
			};
			name = Release;
		};
		CA55984F2A6849FC0046A63A /* Debug */ = {
			isa = XCBuildConfiguration;
			buildSettings = {
				ASSETCATALOG_COMPILER_APPICON_NAME = AppIcon;
				ASSETCATALOG_COMPILER_GLOBAL_ACCENT_COLOR_NAME = AccentColor;
				CODE_SIGN_STYLE = Automatic;
				CURRENT_PROJECT_VERSION = 1;
				DEVELOPMENT_ASSET_PATHS = "\"CryptoTracker/Preview Content\"";
				ENABLE_PREVIEWS = YES;
				GENERATE_INFOPLIST_FILE = YES;
				INFOPLIST_KEY_UIApplicationSceneManifest_Generation = YES;
				INFOPLIST_KEY_UIApplicationSupportsIndirectInputEvents = YES;
				INFOPLIST_KEY_UILaunchScreen_Generation = YES;
				INFOPLIST_KEY_UISupportedInterfaceOrientations_iPad = "UIInterfaceOrientationPortrait UIInterfaceOrientationPortraitUpsideDown UIInterfaceOrientationLandscapeLeft UIInterfaceOrientationLandscapeRight";
				INFOPLIST_KEY_UISupportedInterfaceOrientations_iPhone = "UIInterfaceOrientationPortrait UIInterfaceOrientationLandscapeLeft UIInterfaceOrientationLandscapeRight";
				LD_RUNPATH_SEARCH_PATHS = (
					"$(inherited)",
					"@executable_path/Frameworks",
				);
				MARKETING_VERSION = 1.0;
				PRODUCT_BUNDLE_IDENTIFIER = com.mainguyen.CryptoTracker;
				PRODUCT_NAME = "$(TARGET_NAME)";
				SWIFT_EMIT_LOC_STRINGS = YES;
				SWIFT_VERSION = 5.0;
				TARGETED_DEVICE_FAMILY = "1,2";
			};
			name = Debug;
		};
		CA5598502A6849FC0046A63A /* Release */ = {
			isa = XCBuildConfiguration;
			buildSettings = {
				ASSETCATALOG_COMPILER_APPICON_NAME = AppIcon;
				ASSETCATALOG_COMPILER_GLOBAL_ACCENT_COLOR_NAME = AccentColor;
				CODE_SIGN_STYLE = Automatic;
				CURRENT_PROJECT_VERSION = 1;
				DEVELOPMENT_ASSET_PATHS = "\"CryptoTracker/Preview Content\"";
				ENABLE_PREVIEWS = YES;
				GENERATE_INFOPLIST_FILE = YES;
				INFOPLIST_KEY_UIApplicationSceneManifest_Generation = YES;
				INFOPLIST_KEY_UIApplicationSupportsIndirectInputEvents = YES;
				INFOPLIST_KEY_UILaunchScreen_Generation = YES;
				INFOPLIST_KEY_UISupportedInterfaceOrientations_iPad = "UIInterfaceOrientationPortrait UIInterfaceOrientationPortraitUpsideDown UIInterfaceOrientationLandscapeLeft UIInterfaceOrientationLandscapeRight";
				INFOPLIST_KEY_UISupportedInterfaceOrientations_iPhone = "UIInterfaceOrientationPortrait UIInterfaceOrientationLandscapeLeft UIInterfaceOrientationLandscapeRight";
				LD_RUNPATH_SEARCH_PATHS = (
					"$(inherited)",
					"@executable_path/Frameworks",
				);
				MARKETING_VERSION = 1.0;
				PRODUCT_BUNDLE_IDENTIFIER = com.mainguyen.CryptoTracker;
				PRODUCT_NAME = "$(TARGET_NAME)";
				SWIFT_EMIT_LOC_STRINGS = YES;
				SWIFT_VERSION = 5.0;
				TARGETED_DEVICE_FAMILY = "1,2";
			};
			name = Release;
		};
		CA5598522A6849FC0046A63A /* Debug */ = {
			isa = XCBuildConfiguration;
			buildSettings = {
				ALWAYS_EMBED_SWIFT_STANDARD_LIBRARIES = YES;
				BUNDLE_LOADER = "$(TEST_HOST)";
				CODE_SIGN_STYLE = Automatic;
				CURRENT_PROJECT_VERSION = 1;
				GENERATE_INFOPLIST_FILE = YES;
				IPHONEOS_DEPLOYMENT_TARGET = 16.2;
				MARKETING_VERSION = 1.0;
				PRODUCT_BUNDLE_IDENTIFIER = com.mainguyen.CryptoTrackerTests;
				PRODUCT_NAME = "$(TARGET_NAME)";
				SWIFT_EMIT_LOC_STRINGS = NO;
				SWIFT_VERSION = 5.0;
				TARGETED_DEVICE_FAMILY = "1,2";
				TEST_HOST = "$(BUILT_PRODUCTS_DIR)/CryptoTracker.app/$(BUNDLE_EXECUTABLE_FOLDER_PATH)/CryptoTracker";
			};
			name = Debug;
		};
		CA5598532A6849FC0046A63A /* Release */ = {
			isa = XCBuildConfiguration;
			buildSettings = {
				ALWAYS_EMBED_SWIFT_STANDARD_LIBRARIES = YES;
				BUNDLE_LOADER = "$(TEST_HOST)";
				CODE_SIGN_STYLE = Automatic;
				CURRENT_PROJECT_VERSION = 1;
				GENERATE_INFOPLIST_FILE = YES;
				IPHONEOS_DEPLOYMENT_TARGET = 16.2;
				MARKETING_VERSION = 1.0;
				PRODUCT_BUNDLE_IDENTIFIER = com.mainguyen.CryptoTrackerTests;
				PRODUCT_NAME = "$(TARGET_NAME)";
				SWIFT_EMIT_LOC_STRINGS = NO;
				SWIFT_VERSION = 5.0;
				TARGETED_DEVICE_FAMILY = "1,2";
				TEST_HOST = "$(BUILT_PRODUCTS_DIR)/CryptoTracker.app/$(BUNDLE_EXECUTABLE_FOLDER_PATH)/CryptoTracker";
			};
			name = Release;
		};
		CA5598552A6849FC0046A63A /* Debug */ = {
			isa = XCBuildConfiguration;
			buildSettings = {
				ALWAYS_EMBED_SWIFT_STANDARD_LIBRARIES = YES;
				CODE_SIGN_STYLE = Automatic;
				CURRENT_PROJECT_VERSION = 1;
				GENERATE_INFOPLIST_FILE = YES;
				MARKETING_VERSION = 1.0;
				PRODUCT_BUNDLE_IDENTIFIER = com.mainguyen.CryptoTrackerUITests;
				PRODUCT_NAME = "$(TARGET_NAME)";
				SWIFT_EMIT_LOC_STRINGS = NO;
				SWIFT_VERSION = 5.0;
				TARGETED_DEVICE_FAMILY = "1,2";
				TEST_TARGET_NAME = CryptoTracker;
			};
			name = Debug;
		};
		CA5598562A6849FC0046A63A /* Release */ = {
			isa = XCBuildConfiguration;
			buildSettings = {
				ALWAYS_EMBED_SWIFT_STANDARD_LIBRARIES = YES;
				CODE_SIGN_STYLE = Automatic;
				CURRENT_PROJECT_VERSION = 1;
				GENERATE_INFOPLIST_FILE = YES;
				MARKETING_VERSION = 1.0;
				PRODUCT_BUNDLE_IDENTIFIER = com.mainguyen.CryptoTrackerUITests;
				PRODUCT_NAME = "$(TARGET_NAME)";
				SWIFT_EMIT_LOC_STRINGS = NO;
				SWIFT_VERSION = 5.0;
				TARGETED_DEVICE_FAMILY = "1,2";
				TEST_TARGET_NAME = CryptoTracker;
			};
			name = Release;
		};
/* End XCBuildConfiguration section */

/* Begin XCConfigurationList section */
		CA5598252A6849FA0046A63A /* Build configuration list for PBXProject "CryptoTracker" */ = {
			isa = XCConfigurationList;
			buildConfigurations = (
				CA55984C2A6849FC0046A63A /* Debug */,
				CA55984D2A6849FC0046A63A /* Release */,
			);
			defaultConfigurationIsVisible = 0;
			defaultConfigurationName = Release;
		};
		CA55984E2A6849FC0046A63A /* Build configuration list for PBXNativeTarget "CryptoTracker" */ = {
			isa = XCConfigurationList;
			buildConfigurations = (
				CA55984F2A6849FC0046A63A /* Debug */,
				CA5598502A6849FC0046A63A /* Release */,
			);
			defaultConfigurationIsVisible = 0;
			defaultConfigurationName = Release;
		};
		CA5598512A6849FC0046A63A /* Build configuration list for PBXNativeTarget "CryptoTrackerTests" */ = {
			isa = XCConfigurationList;
			buildConfigurations = (
				CA5598522A6849FC0046A63A /* Debug */,
				CA5598532A6849FC0046A63A /* Release */,
			);
			defaultConfigurationIsVisible = 0;
			defaultConfigurationName = Release;
		};
		CA5598542A6849FC0046A63A /* Build configuration list for PBXNativeTarget "CryptoTrackerUITests" */ = {
			isa = XCConfigurationList;
			buildConfigurations = (
				CA5598552A6849FC0046A63A /* Debug */,
				CA5598562A6849FC0046A63A /* Release */,
			);
			defaultConfigurationIsVisible = 0;
			defaultConfigurationName = Release;
		};
/* End XCConfigurationList section */

/* Begin XCRemoteSwiftPackageReference section */
		CA5598682A6891E00046A63A /* XCRemoteSwiftPackageReference "Kingfisher" */ = {
			isa = XCRemoteSwiftPackageReference;
			repositoryURL = "https://github.com/onevcat/Kingfisher.git";
			requirement = {
				branch = master;
				kind = branch;
			};
		};
/* End XCRemoteSwiftPackageReference section */

/* Begin XCSwiftPackageProductDependency section */
		CA5598692A6891E00046A63A /* Kingfisher */ = {
			isa = XCSwiftPackageProductDependency;
			package = CA5598682A6891E00046A63A /* XCRemoteSwiftPackageReference "Kingfisher" */;
			productName = Kingfisher;
		};
/* End XCSwiftPackageProductDependency section */
	};
	rootObject = CA5598222A6849FA0046A63A /* Project object */;
}
